
Microsoft Visual Studio Solution File, Format Version 12.00
# Visual Studio 2012
Project("{FAE04EC0-301F-11D3-BF4B-00C04F79EFBC}") = "Baski", "Baski\Baski.csproj", "{EE88C7B8-3E71-407E-A6E3-59FCCEDEC251}"
EndProject
Project("{FAE04EC0-301F-11D3-BF4B-00C04F79EFBC}") = "Baski.Orm", "Baski.Orm\Baski.Orm.csproj", "{1DFE7137-70AD-4AE2-9389-8BFB1EE27681}"
EndProject
Project("{FAE04EC0-301F-11D3-BF4B-00C04F79EFBC}") = "Baski.Helpers", "Baski.Helpers\Baski.Helpers.csproj", "{60399740-7DE4-42BA-B638-F524FF030379}"
EndProject
Project("{FAE04EC0-301F-11D3-BF4B-00C04F79EFBC}") = "Baski.ViewModels", "Baski.ViewModels\Baski.ViewModels.csproj", "{1E592040-7608-4C7F-8970-62B3DD0BD60C}"
EndProject
Project("{FAE04EC0-301F-11D3-BF4B-00C04F79EFBC}") = "Baski.Configuration", "Baski.Configuration\Baski.Configuration.csproj", "{3E47A3CE-73E2-4CDD-86E0-190203E93D19}"
EndProject
Global
	GlobalSection(SolutionConfigurationPlatforms) = preSolution
		Debug|Any CPU = Debug|Any CPU
		Release|Any CPU = Release|Any CPU
	EndGlobalSection
	GlobalSection(ProjectConfigurationPlatforms) = postSolution
		{EE88C7B8-3E71-407E-A6E3-59FCCEDEC251}.Debug|Any CPU.ActiveCfg = Debug|Any CPU
		{EE88C7B8-3E71-407E-A6E3-59FCCEDEC251}.Debug|Any CPU.Build.0 = Debug|Any CPU
		{EE88C7B8-3E71-407E-A6E3-59FCCEDEC251}.Release|Any CPU.ActiveCfg = Release|Any CPU
		{EE88C7B8-3E71-407E-A6E3-59FCCEDEC251}.Release|Any CPU.Build.0 = Release|Any CPU
		{1DFE7137-70AD-4AE2-9389-8BFB1EE27681}.Debug|Any CPU.ActiveCfg = Debug|Any CPU
		{1DFE7137-70AD-4AE2-9389-8BFB1EE27681}.Debug|Any CPU.Build.0 = Debug|Any CPU
		{1DFE7137-70AD-4AE2-9389-8BFB1EE27681}.Release|Any CPU.ActiveCfg = Release|Any CPU
		{1DFE7137-70AD-4AE2-9389-8BFB1EE27681}.Release|Any CPU.Build.0 = Release|Any CPU
		{60399740-7DE4-42BA-B638-F524FF030379}.Debug|Any CPU.ActiveCfg = Debug|Any CPU
		{60399740-7DE4-42BA-B638-F524FF030379}.Debug|Any CPU.Build.0 = Debug|Any CPU
		{60399740-7DE4-42BA-B638-F524FF030379}.Release|Any CPU.ActiveCfg = Release|Any CPU
		{60399740-7DE4-42BA-B638-F524FF030379}.Release|Any CPU.Build.0 = Release|Any CPU
		{1E592040-7608-4C7F-8970-62B3DD0BD60C}.Debug|Any CPU.ActiveCfg = Debug|Any CPU
		{1E592040-7608-4C7F-8970-62B3DD0BD60C}.Debug|Any CPU.Build.0 = Debug|Any CPU
		{1E592040-7608-4C7F-8970-62B3DD0BD60C}.Release|Any CPU.ActiveCfg = Release|Any CPU
		{1E592040-7608-4C7F-8970-62B3DD0BD60C}.Release|Any CPU.Build.0 = Release|Any CPU
		{3E47A3CE-73E2-4CDD-86E0-190203E93D19}.Debug|Any CPU.ActiveCfg = Debug|Any CPU
		{3E47A3CE-73E2-4CDD-86E0-190203E93D19}.Debug|Any CPU.Build.0 = Debug|Any CPU
		{3E47A3CE-73E2-4CDD-86E0-190203E93D19}.Release|Any CPU.ActiveCfg = Release|Any CPU
		{3E47A3CE-73E2-4CDD-86E0-190203E93D19}.Release|Any CPU.Build.0 = Release|Any CPU
	EndGlobalSection
	GlobalSection(SolutionProperties) = preSolution
		HideSolutionNode = FALSE
	EndGlobalSection
EndGlobal
